
Microsoft Visual Studio Solution File, Format Version 12.00
# Visual Studio Version 17
VisualStudioVersion = 17.1.32421.90
MinimumVisualStudioVersion = 10.0.40219.1
Project("{FAE04EC0-301F-11D3-BF4B-00C04F79EFBC}") = "MVCxPivotGrid_CustomExport", "MVCxPivotGrid_CustomExport\MVCxPivotGrid_CustomExport.csproj", "{86E92EAE-7489-4B51-A60A-BC1791593DBA}"
EndProject
Global
	GlobalSection(SolutionConfigurationPlatforms) = preSolution
		Debug|Any CPU = Debug|Any CPU
		Debug|x86 = Debug|x86
		Release|Any CPU = Release|Any CPU
		Release|x86 = Release|x86
	EndGlobalSection
	GlobalSection(ProjectConfigurationPlatforms) = postSolution
		{86E92EAE-7489-4B51-A60A-BC1791593DBA}.Debug|Any CPU.ActiveCfg = Debug|Any CPU
		{86E92EAE-7489-4B51-A60A-BC1791593DBA}.Debug|Any CPU.Build.0 = Debug|Any CPU
		{86E92EAE-7489-4B51-A60A-BC1791593DBA}.Debug|x86.ActiveCfg = Debug|x86
		{86E92EAE-7489-4B51-A60A-BC1791593DBA}.Debug|x86.Build.0 = Debug|x86
		{86E92EAE-7489-4B51-A60A-BC1791593DBA}.Release|Any CPU.ActiveCfg = Release|Any CPU
		{86E92EAE-7489-4B51-A60A-BC1791593DBA}.Release|Any CPU.Build.0 = Release|Any CPU
		{86E92EAE-7489-4B51-A60A-BC1791593DBA}.Release|x86.ActiveCfg = Release|x86
		{86E92EAE-7489-4B51-A60A-BC1791593DBA}.Release|x86.Build.0 = Release|x86
	EndGlobalSection
	GlobalSection(SolutionProperties) = preSolution
		HideSolutionNode = FALSE
	EndGlobalSection
	GlobalSection(ExtensibilityGlobals) = postSolution
		SolutionGuid = {3823967B-456D-4FFF-B47A-D605906CBD86}
	EndGlobalSection
EndGlobal
